
Microsoft Visual Studio Solution File, Format Version 12.00
# Visual Studio 15
VisualStudioVersion = 15.0.28307.572
MinimumVisualStudioVersion = 10.0.40219.1
Project("{9A19103F-16F7-4668-BE54-9A1E7A4F7556}") = "Journey.WebApp", "Journey.WebApp\Journey.WebApp.csproj", "{D46862C4-B58C-4084-ABB1-CB28059BCD03}"
EndProject
Project("{9A19103F-16F7-4668-BE54-9A1E7A4F7556}") = "Journey.UnitTests", "Journey.UnitTests\Journey.UnitTests.csproj", "{87D4A69E-D43F-467B-88A8-C589F6A4E571}"
EndProject
Global
	GlobalSection(SolutionConfigurationPlatforms) = preSolution
		Debug|Any CPU = Debug|Any CPU
		Release|Any CPU = Release|Any CPU
	EndGlobalSection
	GlobalSection(ProjectConfigurationPlatforms) = postSolution
		{D46862C4-B58C-4084-ABB1-CB28059BCD03}.Debug|Any CPU.ActiveCfg = Debug|Any CPU
		{D46862C4-B58C-4084-ABB1-CB28059BCD03}.Debug|Any CPU.Build.0 = Debug|Any CPU
		{D46862C4-B58C-4084-ABB1-CB28059BCD03}.Release|Any CPU.ActiveCfg = Release|Any CPU
		{D46862C4-B58C-4084-ABB1-CB28059BCD03}.Release|Any CPU.Build.0 = Release|Any CPU
		{87D4A69E-D43F-467B-88A8-C589F6A4E571}.Debug|Any CPU.ActiveCfg = Debug|Any CPU
		{87D4A69E-D43F-467B-88A8-C589F6A4E571}.Debug|Any CPU.Build.0 = Debug|Any CPU
		{87D4A69E-D43F-467B-88A8-C589F6A4E571}.Release|Any CPU.ActiveCfg = Release|Any CPU
		{87D4A69E-D43F-467B-88A8-C589F6A4E571}.Release|Any CPU.Build.0 = Release|Any CPU
	EndGlobalSection
	GlobalSection(SolutionProperties) = preSolution
		HideSolutionNode = FALSE
	EndGlobalSection
	GlobalSection(ExtensibilityGlobals) = postSolution
		SolutionGuid = {65FEF9D8-307E-4636-954C-838E331BEAB6}
	EndGlobalSection
EndGlobal
